
Microsoft Visual Studio Solution File, Format Version 12.00
# Visual Studio Version 17
VisualStudioVersion = 17.11.35312.102
MinimumVisualStudioVersion = 10.0.40219.1
Project("{FAE04EC0-301F-11D3-BF4B-00C04F79EFBC}") = "Tyuiu.MedvederovaAB.Sprint1.Task0.V10", "Tyuiu.MedvederovaAB.Sprint1.Task0.V10\Tyuiu.MedvederovaAB.Sprint1.Task0.V10.csproj", "{C634F8FD-0C11-485B-8EC5-1AF8015050F9}"
EndProject
Project("{FAE04EC0-301F-11D3-BF4B-00C04F79EFBC}") = "Tyuiu.MedvederovaAB.Sprint1.Task0.V10.Lib", "Tyuiu.MedvederovaAB.Sprint1.Task0.V10.Lib\Tyuiu.MedvederovaAB.Sprint1.Task0.V10.Lib.csproj", "{0B4A7643-6586-4623-8651-D3D1445C269B}"
EndProject
Project("{FAE04EC0-301F-11D3-BF4B-00C04F79EFBC}") = "Tyuiu.MedvederovaAB.Sprint1.Task0.V10.Test", "Tyuiu.MedvederovaAB.Sprint1.Task0.V10.Test\Tyuiu.MedvederovaAB.Sprint1.Task0.V10.Test.csproj", "{7100E765-5582-443B-B58C-2F051E9FC1B2}"
EndProject
Global
	GlobalSection(SolutionConfigurationPlatforms) = preSolution
		Debug|Any CPU = Debug|Any CPU
		Release|Any CPU = Release|Any CPU
	EndGlobalSection
	GlobalSection(ProjectConfigurationPlatforms) = postSolution
		{C634F8FD-0C11-485B-8EC5-1AF8015050F9}.Debug|Any CPU.ActiveCfg = Debug|Any CPU
		{C634F8FD-0C11-485B-8EC5-1AF8015050F9}.Debug|Any CPU.Build.0 = Debug|Any CPU
		{C634F8FD-0C11-485B-8EC5-1AF8015050F9}.Release|Any CPU.ActiveCfg = Release|Any CPU
		{C634F8FD-0C11-485B-8EC5-1AF8015050F9}.Release|Any CPU.Build.0 = Release|Any CPU
		{0B4A7643-6586-4623-8651-D3D1445C269B}.Debug|Any CPU.ActiveCfg = Debug|Any CPU
		{0B4A7643-6586-4623-8651-D3D1445C269B}.Debug|Any CPU.Build.0 = Debug|Any CPU
		{0B4A7643-6586-4623-8651-D3D1445C269B}.Release|Any CPU.ActiveCfg = Release|Any CPU
		{0B4A7643-6586-4623-8651-D3D1445C269B}.Release|Any CPU.Build.0 = Release|Any CPU
		{7100E765-5582-443B-B58C-2F051E9FC1B2}.Debug|Any CPU.ActiveCfg = Debug|Any CPU
		{7100E765-5582-443B-B58C-2F051E9FC1B2}.Debug|Any CPU.Build.0 = Debug|Any CPU
		{7100E765-5582-443B-B58C-2F051E9FC1B2}.Release|Any CPU.ActiveCfg = Release|Any CPU
		{7100E765-5582-443B-B58C-2F051E9FC1B2}.Release|Any CPU.Build.0 = Release|Any CPU
	EndGlobalSection
	GlobalSection(SolutionProperties) = preSolution
		HideSolutionNode = FALSE
	EndGlobalSection
	GlobalSection(ExtensibilityGlobals) = postSolution
		SolutionGuid = {88C7F1EA-F21B-4CFF-A624-5F956A6C80BE}
	EndGlobalSection
EndGlobal
